Microsoft Visual Studio Solution File, Format Version 11.00
# Visual Studio 2008

Project("{6594CB03-3129-C92C-AD1C-B281F7E716D9}") = "BBtan2D", "Assembly-CSharp.csproj", "{CA43C5E5-AFA7-E380-F8A1-FFC8D3A1D2E0}"
EndProject
Global
	GlobalSection(SolutionConfigurationPlatforms) = preSolution
		Debug|Any CPU = Debug|Any CPU
		Release|Any CPU = Release|Any CPU
	EndGlobalSection
	GlobalSection(ProjectConfigurationPlatforms) = postSolution
		{CA43C5E5-AFA7-E380-F8A1-FFC8D3A1D2E0}.Debug|Any CPU.ActiveCfg = Debug|Any CPU
		{CA43C5E5-AFA7-E380-F8A1-FFC8D3A1D2E0}.Debug|Any CPU.Build.0 = Debug|Any CPU
		{CA43C5E5-AFA7-E380-F8A1-FFC8D3A1D2E0}.Release|Any CPU.ActiveCfg = Release|Any CPU
		{CA43C5E5-AFA7-E380-F8A1-FFC8D3A1D2E0}.Release|Any CPU.Build.0 = Release|Any CPU
	EndGlobalSection
	GlobalSection(SolutionProperties) = preSolution
		HideSolutionNode = FALSE
	EndGlobalSection
	GlobalSection(MonoDevelopProperties) = preSolution
		StartupItem = Assembly-CSharp.csproj
	EndGlobalSection
EndGlobal
